{
  "object": {
    "pins": [
      {
        "package": "RefinerSDK",
        "repositoryURL": "https://github.com/refiner-io/mobile-sdk-ios.git",
        "state": {
          "branch": null,
          "revision": "d78938b21005377227366316dc047c5f88f8b2f4",
          "version": "1.0.5"
        }
      }
    ]
  },
  "version": 1
}
