{
  "originHash" : "f4c7c5ceaa084ca3e9c6d746ba6fa623ed00d45fb123963902bffe86e219eb01",
  "pins" : [
    {
      "identity" : "mobile-sdk-ios",
      "kind" : "remoteSourceControl",
      "location" : "https://github.com/refiner-io/mobile-sdk-ios.git",
      "state" : {
        "revision" : "55624f22774f4594840a23104b9f8d69aaa9f62a",
        "version" : "1.5.0"
      }
    }
  ],
  "version" : 3
}
