{
  "object": {
    "pins": [
      {
        "package": "RefinerSDK",
        "repositoryURL": "https://github.com/refiner-io/mobile-sdk-ios.git",
        "state": {
          "branch": null,
          "revision": "09dbba6180e03faf4128c6afa39973a01db36ee1",
          "version": "1.1.0"
        }
      }
    ]
  },
  "version": 1
}
