{
  "pins" : [
    {
      "identity" : "refiner-ios-sdk",
      "kind" : "remoteSourceControl",
      "location" : "https://github.com/organtis/refiner-ios-sdk.git",
      "state" : {
        "revision" : "615f2b041b08d563f21b58d728434c1e21133337",
        "version" : "1.0.1"
      }
    }
  ],
  "version" : 2
}
